
Microsoft Visual Studio Solution File, Format Version 12.00
# Visual Studio 2013
VisualStudioVersion = 12.0.21005.1
MinimumVisualStudioVersion = 10.0.40219.1
Project("{FAE04EC0-301F-11D3-BF4B-00C04F79EFBC}") = "FFMapTest", "FFMapTest\FFMapTest.btproj", "{648FC388-4C7A-4AF4-885E-410EB3359022}"
EndProject
Project("{FAE04EC0-301F-11D3-BF4B-00C04F79EFBC}") = "FFMapTest_UnitTests", "FFMapTest_UnitTests\FFMapTest_UnitTests.csproj", "{D224E03A-95DA-4908-827F-B2D76BE85733}"
EndProject
Global
	GlobalSection(SolutionConfigurationPlatforms) = preSolution
		Debug|Any CPU = Debug|Any CPU
		Release|Any CPU = Release|Any CPU
	EndGlobalSection
	GlobalSection(ProjectConfigurationPlatforms) = postSolution
		{648FC388-4C7A-4AF4-885E-410EB3359022}.Debug|Any CPU.ActiveCfg = Debug|Any CPU
		{648FC388-4C7A-4AF4-885E-410EB3359022}.Debug|Any CPU.Build.0 = Debug|Any CPU
		{648FC388-4C7A-4AF4-885E-410EB3359022}.Debug|Any CPU.Deploy.0 = Debug|Any CPU
		{648FC388-4C7A-4AF4-885E-410EB3359022}.Release|Any CPU.ActiveCfg = Release|Any CPU
		{648FC388-4C7A-4AF4-885E-410EB3359022}.Release|Any CPU.Build.0 = Release|Any CPU
		{648FC388-4C7A-4AF4-885E-410EB3359022}.Release|Any CPU.Deploy.0 = Release|Any CPU
		{D224E03A-95DA-4908-827F-B2D76BE85733}.Debug|Any CPU.ActiveCfg = Debug|Any CPU
		{D224E03A-95DA-4908-827F-B2D76BE85733}.Debug|Any CPU.Build.0 = Debug|Any CPU
		{D224E03A-95DA-4908-827F-B2D76BE85733}.Release|Any CPU.ActiveCfg = Release|Any CPU
		{D224E03A-95DA-4908-827F-B2D76BE85733}.Release|Any CPU.Build.0 = Release|Any CPU
	EndGlobalSection
	GlobalSection(SolutionProperties) = preSolution
		HideSolutionNode = FALSE
	EndGlobalSection
EndGlobal
